// !$*UTF8*$!
{
	archiveVersion = 1;
	classes = {
	};
	objectVersion = 50;
	objects = {

/* Begin PBXBuildFile section */
		3C7BA055212C281200FA3F84 /* AppDelegate.m in Sources */ = {isa = PBXBuildFile; fileRef = 3C7BA054212C281200FA3F84 /* AppDelegate.m */; };
		3C7BA058212C281200FA3F84 /* ViewController.m in Sources */ = {isa = PBXBuildFile; fileRef = 3C7BA057212C281200FA3F84 /* ViewController.m */; };
		3C7BA05B212C281200FA3F84 /* Main.storyboard in Resources */ = {isa = PBXBuildFile; fileRef = 3C7BA059212C281200FA3F84 /* Main.storyboard */; };
		3C7BA05D212C281300FA3F84 /* Assets.xcassets in Resources */ = {isa = PBXBuildFile; fileRef = 3C7BA05C212C281300FA3F84 /* Assets.xcassets */; };
		3C7BA060212C281300FA3F84 /* LaunchScreen.storyboard in Resources */ = {isa = PBXBuildFile; fileRef = 3C7BA05E212C281300FA3F84 /* LaunchScreen.storyboard */; };
		3C7BA063212C281300FA3F84 /* main.m in Sources */ = {isa = PBXBuildFile; fileRef = 3C7BA062212C281300FA3F84 /* main.m */; };
		3C7BA075212C327400FA3F84 /* IndexViewController.m in Sources */ = {isa = PBXBuildFile; fileRef = 3C7BA073212C327400FA3F84 /* IndexViewController.m */; };
		3C7BA076212C327400FA3F84 /* IndexViewController.xib in Resources */ = {isa = PBXBuildFile; fileRef = 3C7BA074212C327400FA3F84 /* IndexViewController.xib */; };
/* End PBXBuildFile section */

/* Begin PBXFileReference section */
		3C7BA050212C281200FA3F84 /* FIrstApp.app */ = {isa = PBXFileReference; explicitFileType = wrapper.application; includeInIndex = 0; path = FIrstApp.app; sourceTree = BUILT_PRODUCTS_DIR; };
		3C7BA053212C281200FA3F84 /* AppDelegate.h */ = {isa = PBXFileReference; lastKnownFileType = sourcecode.c.h; path = AppDelegate.h; sourceTree = "<group>"; };
		3C7BA054212C281200FA3F84 /* AppDelegate.m */ = {isa = PBXFileReference; lastKnownFileType = sourcecode.c.objc; path = AppDelegate.m; sourceTree = "<group>"; };
		3C7BA056212C281200FA3F84 /* ViewController.h */ = {isa = PBXFileReference; lastKnownFileType = sourcecode.c.h; path = ViewController.h; sourceTree = "<group>"; };
		3C7BA057212C281200FA3F84 /* ViewController.m */ = {isa = PBXFileReference; lastKnownFileType = sourcecode.c.objc; path = ViewController.m; sourceTree = "<group>"; };
		3C7BA05A212C281200FA3F84 /* Base */ = {isa = PBXFileReference; lastKnownFileType = file.storyboard; name = Base; path = Base.lproj/Main.storyboard; sourceTree = "<group>"; };
		3C7BA05C212C281300FA3F84 /* Assets.xcassets */ = {isa = PBXFileReference; lastKnownFileType = folder.assetcatalog; path = Assets.xcassets; sourceTree = "<group>"; };
		3C7BA05F212C281300FA3F84 /* Base */ = {isa = PBXFileReference; lastKnownFileType = file.storyboard; name = Base; path = Base.lproj/LaunchScreen.storyboard; sourceTree = "<group>"; };
		3C7BA061212C281300FA3F84 /* Info.plist */ = {isa = PBXFileReference; lastKnownFileType = text.plist.xml; path = Info.plist; sourceTree = "<group>"; };
		3C7BA062212C281300FA3F84 /* main.m */ = {isa = PBXFileReference; lastKnownFileType = sourcecode.c.objc; path = main.m; sourceTree = "<group>"; };
		3C7BA072212C327400FA3F84 /* IndexViewController.h */ = {isa = PBXFileReference; lastKnownFileType = sourcecode.c.h; path = IndexViewController.h; sourceTree = "<group>"; };
		3C7BA073212C327400FA3F84 /* IndexViewController.m */ = {isa = PBXFileReference; lastKnownFileType = sourcecode.c.objc; path = IndexViewController.m; sourceTree = "<group>"; };
		3C7BA074212C327400FA3F84 /* IndexViewController.xib */ = {isa = PBXFileReference; lastKnownFileType = file.xib; path = IndexViewController.xib; sourceTree = "<group>"; };
/* End PBXFileReference section */

/* Begin PBXFrameworksBuildPhase section */
		3C7BA04D212C281200FA3F84 /* Frameworks */ = {
			isa = PBXFrameworksBuildPhase;
			buildActionMask = 2147483647;
			files = (
			);
			runOnlyForDeploymentPostprocessing = 0;
		};
/* End PBXFrameworksBuildPhase section */

/* Begin PBXGroup section */
		3C7BA047212C281200FA3F84 = {
			isa = PBXGroup;
			children = (
				3C7BA052212C281200FA3F84 /* FIrstApp */,
				3C7BA051212C281200FA3F84 /* Products */,
			);
			sourceTree = "<group>";
		};
		3C7BA051212C281200FA3F84 /* Products */ = {
			isa = PBXGroup;
			children = (
				3C7BA050212C281200FA3F84 /* FIrstApp.app */,
			);
			name = Products;
			sourceTree = "<group>";
		};
		3C7BA052212C281200FA3F84 /* FIrstApp */ = {
			isa = PBXGroup;
			children = (
				3C7BA053212C281200FA3F84 /* AppDelegate.h */,
				3C7BA054212C281200FA3F84 /* AppDelegate.m */,
				3C7BA056212C281200FA3F84 /* ViewController.h */,
				3C7BA057212C281200FA3F84 /* ViewController.m */,
				3C7BA059212C281200FA3F84 /* Main.storyboard */,
				3C7BA05C212C281300FA3F84 /* Assets.xcassets */,
				3C7BA05E212C281300FA3F84 /* LaunchScreen.storyboard */,
				3C7BA061212C281300FA3F84 /* Info.plist */,
				3C7BA062212C281300FA3F84 /* main.m */,
				3C7BA072212C327400FA3F84 /* IndexViewController.h */,
				3C7BA073212C327400FA3F84 /* IndexViewController.m */,
				3C7BA074212C327400FA3F84 /* IndexViewController.xib */,
			);
			path = FIrstApp;
			sourceTree = "<group>";
		};
/* End PBXGroup section */

/* Begin PBXNativeTarget section */
		3C7BA04F212C281200FA3F84 /* FIrstApp */ = {
			isa = PBXNativeTarget;
			buildConfigurationList = 3C7BA066212C281300FA3F84 /* Build configuration list for PBXNativeTarget "FIrstApp" */;
			buildPhases = (
				3C7BA04C212C281200FA3F84 /* Sources */,
				3C7BA04D212C281200FA3F84 /* Frameworks */,
				3C7BA04E212C281200FA3F84 /* Resources */,
			);
			buildRules = (
			);
			dependencies = (
			);
			name = FIrstApp;
			productName = FIrstApp;
			productReference = 3C7BA050212C281200FA3F84 /* FIrstApp.app */;
			productType = "com.apple.product-type.application";
		};
/* End PBXNativeTarget section */

/* Begin PBXProject section */
		3C7BA048212C281200FA3F84 /* Project object */ = {
			isa = PBXProject;
			attributes = {
				LastUpgradeCheck = 0940;
				ORGANIZATIONNAME = "张双俊";
				TargetAttributes = {
					3C7BA04F212C281200FA3F84 = {
						CreatedOnToolsVersion = 9.4.1;
					};
				};
			};
			buildConfigurationList = 3C7BA04B212C281200FA3F84 /* Build configuration list for PBXProject "FIrstApp" */;
			compatibilityVersion = "Xcode 9.3";
			developmentRegion = en;
			hasScannedForEncodings = 0;
			knownRegions = (
				en,
				Base,
			);
			mainGroup = 3C7BA047212C281200FA3F84;
			productRefGroup = 3C7BA051212C281200FA3F84 /* Products */;
			projectDirPath = "";
			projectRoot = "";
			targets = (
				3C7BA04F212C281200FA3F84 /* FIrstApp */,
			);
		};
/* End PBXProject section */

/* Begin PBXResourcesBuildPhase section */
		3C7BA04E212C281200FA3F84 /* Resources */ = {
			isa = PBXResourcesBuildPhase;
			buildActionMask = 2147483647;
			files = (
				3C7BA060212C281300FA3F84 /* LaunchScreen.storyboard in Resources */,
				3C7BA05D212C281300FA3F84 /* Assets.xcassets in Resources */,
				3C7BA05B212C281200FA3F84 /* Main.storyboard in Resources */,
				3C7BA076212C327400FA3F84 /* IndexViewController.xib in Resources */,
			);
			runOnlyForDeploymentPostprocessing = 0;
		};
/* End PBXResourcesBuildPhase section */

/* Begin PBXSourcesBuildPhase section */
		3C7BA04C212C281200FA3F84 /* Sources */ = {
			isa = PBXSourcesBuildPhase;
			buildActionMask = 2147483647;
			files = (
				3C7BA058212C281200FA3F84 /* ViewController.m in Sources */,
				3C7BA063212C281300FA3F84 /* main.m in Sources */,
				3C7BA055212C281200FA3F84 /* AppDelegate.m in Sources */,
				3C7BA075212C327400FA3F84 /* IndexViewController.m in Sources */,
			);
			runOnlyForDeploymentPostprocessing = 0;
		};
/* End PBXSourcesBuildPhase section */

/* Begin PBXVariantGroup section */
		3C7BA059212C281200FA3F84 /* Main.storyboard */ = {
			isa = PBXVariantGroup;
			children = (
				3C7BA05A212C281200FA3F84 /* Base */,
			);
			name = Main.storyboard;
			sourceTree = "<group>";
		};
		3C7BA05E212C281300FA3F84 /* LaunchScreen.storyboard */ = {
			isa = PBXVariantGroup;
			children = (
				3C7BA05F212C281300FA3F84 /* Base */,
			);
			name = LaunchScreen.storyboard;
			sourceTree = "<group>";
		};
/* End PBXVariantGroup section */

/* Begin XCBuildConfiguration section */
		3C7BA064212C281300FA3F84 /* Debug */ = {
			isa = XCBuildConfiguration;
			buildSettings = {
				ALWAYS_SEARCH_USER_PATHS = NO;
				CLANG_ANALYZER_NONNULL = YES;
				CLANG_ANALYZER_NUMBER_OBJECT_CONVERSION = YES_AGGRESSIVE;
				CLANG_CXX_LANGUAGE_STANDARD = "gnu++14";
				CLANG_CXX_LIBRARY = "libc++";
				CLANG_ENABLE_MODULES = YES;
				CLANG_ENABLE_OBJC_ARC = NO;
				CLANG_ENABLE_OBJC_WEAK = YES;
				CLANG_WARN_BLOCK_CAPTURE_AUTORELEASING = YES;
				CLANG_WARN_BOOL_CONVERSION = YES;
				CLANG_WARN_COMMA = YES;
				CLANG_WARN_CONSTANT_CONVERSION = YES;
				CLANG_WARN_DEPRECATED_OBJC_IMPLEMENTATIONS = YES;
				CLANG_WARN_DIRECT_OBJC_ISA_USAGE = YES_ERROR;
				CLANG_WARN_DOCUMENTATION_COMMENTS = YES;
				CLANG_WARN_EMPTY_BODY = YES;
				CLANG_WARN_ENUM_CONVERSION = YES;
				CLANG_WARN_INFINITE_RECURSION = YES;
				CLANG_WARN_INT_CONVERSION = YES;
				CLANG_WARN_NON_LITERAL_NULL_CONVERSION = YES;
				CLANG_WARN_OBJC_IMPLICIT_RETAIN_SELF = YES;
				CLANG_WARN_OBJC_LITERAL_CONVERSION = YES;
				CLANG_WARN_OBJC_ROOT_CLASS = YES_ERROR;
				CLANG_WARN_RANGE_LOOP_ANALYSIS = YES;
				CLANG_WARN_STRICT_PROTOTYPES = YES;
				CLANG_WARN_SUSPICIOUS_MOVE = YES;
				CLANG_WARN_UNGUARDED_AVAILABILITY = YES_AGGRESSIVE;
				CLANG_WARN_UNREACHABLE_CODE = YES;
				CLANG_WARN__DUPLICATE_METHOD_MATCH = YES;
				CODE_SIGN_IDENTITY = "iPhone Developer";
				COPY_PHASE_STRIP = NO;
				DEBUG_INFORMATION_FORMAT = dwarf;
				ENABLE_STRICT_OBJC_MSGSEND = YES;
				ENABLE_TESTABILITY = YES;
				GCC_C_LANGUAGE_STANDARD = gnu11;
				GCC_DYNAMIC_NO_PIC = NO;
				GCC_NO_COMMON_BLOCKS = YES;
				GCC_OPTIMIZATION_LEVEL = 0;
				GCC_PREPROCESSOR_DEFINITIONS = (
					"DEBUG=1",
					"$(inherited)",
				);
				GCC_WARN_64_TO_32_BIT_CONVERSION = YES;
				GCC_WARN_ABOUT_RETURN_TYPE = YES_ERROR;
				GCC_WARN_UNDECLARED_SELECTOR = YES;
				GCC_WARN_UNINITIALIZED_AUTOS = YES_AGGRESSIVE;
				GCC_WARN_UNUSED_FUNCTION = YES;
				GCC_WARN_UNUSED_VARIABLE = YES;
				IPHONEOS_DEPLOYMENT_TARGET = 11.4;
				MTL_ENABLE_DEBUG_INFO = YES;
				ONLY_ACTIVE_ARCH = YES;
				SDKROOT = iphoneos;
			};
			name = Debug;
		};
		3C7BA065212C281300FA3F84 /* Release */ = {
			isa = XCBuildConfiguration;
			buildSettings = {
				ALWAYS_SEARCH_USER_PATHS = NO;
				CLANG_ANALYZER_NONNULL = YES;
				CLANG_ANALYZER_NUMBER_OBJECT_CONVERSION = YES_AGGRESSIVE;
				CLANG_CXX_LANGUAGE_STANDARD = "gnu++14";
				CLANG_CXX_LIBRARY = "libc++";
				CLANG_ENABLE_MODULES = YES;
				CLANG_ENABLE_OBJC_ARC = NO;
				CLANG_ENABLE_OBJC_WEAK = YES;
				CLANG_WARN_BLOCK_CAPTURE_AUTORELEASING = YES;
				CLANG_WARN_BOOL_CONVERSION = YES;
				CLANG_WARN_COMMA = YES;
				CLANG_WARN_CONSTANT_CONVERSION = YES;
				CLANG_WARN_DEPRECATED_OBJC_IMPLEMENTATIONS = YES;
				CLANG_WARN_DIRECT_OBJC_ISA_USAGE = YES_ERROR;
				CLANG_WARN_DOCUMENTATION_COMMENTS = YES;
				CLANG_WARN_EMPTY_BODY = YES;
				CLANG_WARN_ENUM_CONVERSION = YES;
				CLANG_WARN_INFINITE_RECURSION = YES;
				CLANG_WARN_INT_CONVERSION = YES;
				CLANG_WARN_NON_LITERAL_NULL_CONVERSION = YES;
				CLANG_WARN_OBJC_IMPLICIT_RETAIN_SELF = YES;
				CLANG_WARN_OBJC_LITERAL_CONVERSION = YES;
				CLANG_WARN_OBJC_ROOT_CLASS = YES_ERROR;
				CLANG_WARN_RANGE_LOOP_ANALYSIS = YES;
				CLANG_WARN_STRICT_PROTOTYPES = YES;
				CLANG_WARN_SUSPICIOUS_MOVE = YES;
				CLANG_WARN_UNGUARDED_AVAILABILITY = YES_AGGRESSIVE;
				CLANG_WARN_UNREACHABLE_CODE = YES;
				CLANG_WARN__DUPLICATE_METHOD_MATCH = YES;
				CODE_SIGN_IDENTITY = "iPhone Developer";
				COPY_PHASE_STRIP = NO;
				DEBUG_INFORMATION_FORMAT = "dwarf-with-dsym";
				ENABLE_NS_ASSERTIONS = NO;
				ENABLE_STRICT_OBJC_MSGSEND = YES;
				GCC_C_LANGUAGE_STANDARD = gnu11;
				GCC_NO_COMMON_BLOCKS = YES;
				GCC_WARN_64_TO_32_BIT_CONVERSION = YES;
				GCC_WARN_ABOUT_RETURN_TYPE = YES_ERROR;
				GCC_WARN_UNDECLARED_SELECTOR = YES;
				GCC_WARN_UNINITIALIZED_AUTOS = YES_AGGRESSIVE;
				GCC_WARN_UNUSED_FUNCTION = YES;
				GCC_WARN_UNUSED_VARIABLE = YES;
				IPHONEOS_DEPLOYMENT_TARGET = 11.4;
				MTL_ENABLE_DEBUG_INFO = NO;
				SDKROOT = iphoneos;
				VALIDATE_PRODUCT = YES;
			};
			name = Release;
		};
		3C7BA067212C281300FA3F84 /* Debug */ = {
			isa = XCBuildConfiguration;
			buildSettings = {
				ASSETCATALOG_COMPILER_APPICON_NAME = AppIcon;
				CODE_SIGN_STYLE = Automatic;
				DEVELOPMENT_TEAM = QGTYS7XG8M;
				INFOPLIST_FILE = FIrstApp/Info.plist;
				LD_RUNPATH_SEARCH_PATHS = (
					"$(inherited)",
					"@executable_path/Frameworks",
				);
				PRODUCT_BUNDLE_IDENTIFIER = com.mytest.FIrstApp;
				PRODUCT_NAME = "$(TARGET_NAME)";
				TARGETED_DEVICE_FAMILY = "1,2";
			};
			name = Debug;
		};
		3C7BA068212C281300FA3F84 /* Release */ = {
			isa = XCBuildConfiguration;
			buildSettings = {
				ASSETCATALOG_COMPILER_APPICON_NAME = AppIcon;
				CODE_SIGN_STYLE = Automatic;
				DEVELOPMENT_TEAM = QGTYS7XG8M;
				INFOPLIST_FILE = FIrstApp/Info.plist;
				LD_RUNPATH_SEARCH_PATHS = (
					"$(inherited)",
					"@executable_path/Frameworks",
				);
				PRODUCT_BUNDLE_IDENTIFIER = com.mytest.FIrstApp;
				PRODUCT_NAME = "$(TARGET_NAME)";
				TARGETED_DEVICE_FAMILY = "1,2";
			};
			name = Release;
		};
/* End XCBuildConfiguration section */

/* Begin XCConfigurationList section */
		3C7BA04B212C281200FA3F84 /* Build configuration list for PBXProject "FIrstApp" */ = {
			isa = XCConfigurationList;
			buildConfigurations = (
				3C7BA064212C281300FA3F84 /* Debug */,
				3C7BA065212C281300FA3F84 /* Release */,
			);
			defaultConfigurationIsVisible = 0;
			defaultConfigurationName = Release;
		};
		3C7BA066212C281300FA3F84 /* Build configuration list for PBXNativeTarget "FIrstApp" */ = {
			isa = XCConfigurationList;
			buildConfigurations = (
				3C7BA067212C281300FA3F84 /* Debug */,
				3C7BA068212C281300FA3F84 /* Release */,
			);
			defaultConfigurationIsVisible = 0;
			defaultConfigurationName = Release;
		};
/* End XCConfigurationList section */
	};
	rootObject = 3C7BA048212C281200FA3F84 /* Project object */;
}
