{
  "name": "package-lock-test",
  "version": "1.0.0",
  "lockfileVersion": 1,
  "requires": true,
  "dependencies": {
    "doublezhang-firstnpm": {
      "version": "1.0.11",
      "resolved": "https://registry.npmjs.org/doublezhang-firstnpm/-/doublezhang-firstnpm-1.0.11.tgz",
      "integrity": "sha512-EnOmQl6hkUPpBinfuTgm7twvXXFc7dsnxyX9N3hetjtKaxVSDQmM2Ti866B5oCIS/Htd37m0vn3Cl3sEEUbLcQ=="
    }
  }
}
